
Microsoft Visual Studio Solution File, Format Version 12.00
# Visual Studio Version 16
VisualStudioVersion = 16.0.29806.167
MinimumVisualStudioVersion = 10.0.40219.1
Project("{9A19103F-16F7-4668-BE54-9A1E7A4F7556}") = "01_HELLO_WORLD", "01_HELLO_WORLD.csproj", "{702D54F2-0CEB-4ED0-A74B-9BE2AD5D181C}"
EndProject
Project("{9A19103F-16F7-4668-BE54-9A1E7A4F7556}") = "02_DATA_TYPES", "..\02_Data_Types\02_DATA_TYPES.csproj", "{A4B95E0C-2A4F-4CF6-8FF7-05A384E32C1B}"
EndProject
Project("{9A19103F-16F7-4668-BE54-9A1E7A4F7556}") = "03_ENUMERATION", "..\03_ENUMERATION\03_ENUMERATION.csproj", "{606783D4-4C36-4AB1-A27A-8EE76BAC9110}"
EndProject
Project("{9A19103F-16F7-4668-BE54-9A1E7A4F7556}") = "04_VARIABLES_AND_OPERATORS", "..\04_VARIABLES_AND_OPERATORS\04_VARIABLES_AND_OPERATORS.csproj", "{C972052E-9CCE-4847-A9B8-525FB61F09C8}"
EndProject
Project("{9A19103F-16F7-4668-BE54-9A1E7A4F7556}") = "05_FLOW_CONTROL_AND_CONDITIONALS", "..\04_FLOW_CONTROL_AND_CONDITIONALS\05_FLOW_CONTROL_AND_CONDITIONALS.csproj", "{356E8CC6-9FD3-45A9-B1B8-B02979515F9B}"
EndProject
Project("{9A19103F-16F7-4668-BE54-9A1E7A4F7556}") = "06_ARRAY", "..\06_ARRAY\06_ARRAY.csproj", "{15FB5E49-B06B-4AA0-B824-71C157368341}"
EndProject
Project("{9A19103F-16F7-4668-BE54-9A1E7A4F7556}") = "07_CLASS_AND_OBJECT", "..\07_CLASS_AND_OBJECT\07_CLASS_AND_OBJECT.csproj", "{E8AC6130-297E-417C-9B42-A4590658BD1A}"
EndProject
Project("{9A19103F-16F7-4668-BE54-9A1E7A4F7556}") = "08_ACCESS_MODIFIERS", "..\08_ACCESS_MODIFIERS\08_ACCESS_MODIFIERS.csproj", "{3BC09E82-A268-4E43-87C2-1CD445E38CA1}"
EndProject
Project("{9A19103F-16F7-4668-BE54-9A1E7A4F7556}") = "09_INHERITANCE_AND_POLYMORPHISM", "..\09_INHERITANCE_AND_POLYMORFISM\09_INHERITANCE_AND_POLYMORPHISM.csproj", "{99E80307-2BAC-4227-AF9E-F4DE894FE253}"
EndProject
Project("{9A19103F-16F7-4668-BE54-9A1E7A4F7556}") = "10_ABSTRACT_CLASSES", "..\10_ABSTRACT_CLASSES\10_ABSTRACT_CLASSES.csproj", "{DC55373A-BAF3-40F9-8585-98000D75350B}"
EndProject
Project("{9A19103F-16F7-4668-BE54-9A1E7A4F7556}") = "11_INTERFACE", "..\11_INTERFACE\11_INTERFACE.csproj", "{3864D446-6545-4AF1-8E7B-39F826B2CE3F}"
EndProject
Project("{9A19103F-16F7-4668-BE54-9A1E7A4F7556}") = "12_COLLECTIONS", "..\12_COLLECTIONS\12_COLLECTIONS.csproj", "{731AE023-AF07-443D-8494-F188CBEB2EBC}"
EndProject
Project("{9A19103F-16F7-4668-BE54-9A1E7A4F7556}") = "21_SERIALIZATION", "..\20_SERIALIZATION\21_SERIALIZATION.csproj", "{0C598618-9794-4DAF-8603-FE9032A6D0B0}"
EndProject
Project("{9A19103F-16F7-4668-BE54-9A1E7A4F7556}") = "22_EXCEPTIONS", "..\21_EXCEPTIONS\22_EXCEPTIONS.csproj", "{CA054EF6-89DC-4DC2-8D6E-C578AC6A2D8B}"
EndProject
Project("{9A19103F-16F7-4668-BE54-9A1E7A4F7556}") = "23_LISTS", "..\22_LISTS\23_LISTS.csproj", "{A4C53657-C725-4659-9CD2-433D4E0CE9E4}"
EndProject
Project("{9A19103F-16F7-4668-BE54-9A1E7A4F7556}") = "HR_09_RECURSION", "..\HR_09_RECURSION\HR_09_RECURSION.csproj", "{A3629DFE-8DCB-4FE1-8CCF-D3FC77493949}"
EndProject
Project("{9A19103F-16F7-4668-BE54-9A1E7A4F7556}") = "HR_10_BINARY_NUMBERS", "..\HR_10_BINARY_NUMBERS\HR_10_BINARY_NUMBERS.csproj", "{B003FC2D-61B0-4473-AB50-F206D458ACE6}"
EndProject
Project("{9A19103F-16F7-4668-BE54-9A1E7A4F7556}") = "HR_11_2D_ARRAYS", "..\HR_11_2D_ARRAYS\HR_11_2D_ARRAYS.csproj", "{F6433B02-5DD8-48BE-96D9-A564CCB7159B}"
EndProject
Project("{9A19103F-16F7-4668-BE54-9A1E7A4F7556}") = "HR_11_2D_ARRAYS_2", "..\HR_11_2D_ARRAYS_2\HR_11_2D_ARRAYS_2.csproj", "{1087327C-E1CB-4721-80B9-44CD0A680BF3}"
EndProject
Project("{9A19103F-16F7-4668-BE54-9A1E7A4F7556}") = "HR_16_EXCEPTIONS", "..\HR_16_EXCEPTIONS\HR_16_EXCEPTIONS.csproj", "{71A0320C-10EB-47ED-AE4C-3734A1BFBE53}"
EndProject
Project("{9A19103F-16F7-4668-BE54-9A1E7A4F7556}") = "HR_16_EXCEPTIONS_2", "..\HR_16_EXCEPTIONS_2\HR_16_EXCEPTIONS_2.csproj", "{3B16E100-A521-41A4-93E1-E73DBC927E4A}"
EndProject
Project("{9A19103F-16F7-4668-BE54-9A1E7A4F7556}") = "HR_16_EXCEPTIONS_THROW", "..\HR_16_EXCEPTIONS_THROW\HR_16_EXCEPTIONS_THROW.csproj", "{97B8D478-F1FA-41B3-A72C-B3264D13874A}"
EndProject
Project("{9A19103F-16F7-4668-BE54-9A1E7A4F7556}") = "14_STACK", "..\14_STACK\14_STACK.csproj", "{7376AEB5-BA70-41D0-BD99-9A8973CAF405}"
EndProject
Project("{9A19103F-16F7-4668-BE54-9A1E7A4F7556}") = "15_QUEUE", "..\15_QUEUE\15_QUEUE.csproj", "{6EA36E62-2920-4630-A729-92D601038D2E}"
EndProject
Project("{9A19103F-16F7-4668-BE54-9A1E7A4F7556}") = "HR_19_INTERFACE", "..\HR_19_INTERFACE\HR_19_INTERFACE.csproj", "{4C04451F-37D5-4EF3-BC90-E492994F98B0}"
EndProject
Project("{9A19103F-16F7-4668-BE54-9A1E7A4F7556}") = "HR_20_1_POINTERS", "..\HR_20_1_POINTERS\HR_20_1_POINTERS.csproj", "{CBFB79DC-6CB3-42F8-AE6E-78E9D43CAEDE}"
EndProject
Project("{9A19103F-16F7-4668-BE54-9A1E7A4F7556}") = "13_ARRAY_LIST", "..\13_ARRAY_LIST\13_ARRAY_LIST.csproj", "{52CA4650-B48C-44A4-B05D-822AEC4D9198}"
EndProject
Project("{9A19103F-16F7-4668-BE54-9A1E7A4F7556}") = "HR_21_GENERICS", "..\HR_21_GENERICS\HR_21_GENERICS.csproj", "{F3A475FC-CBAF-4D53-974B-0F2B92D12D56}"
EndProject
Project("{9A19103F-16F7-4668-BE54-9A1E7A4F7556}") = "HR_21_GENERICS_2", "..\HR_21_GENERICS_2\HR_21_GENERICS_2.csproj", "{905B53FC-FE87-45E5-8319-CA5ED73C36E1}"
EndProject
Project("{9A19103F-16F7-4668-BE54-9A1E7A4F7556}") = "HR_22_BINARY_SEARCH_TREE", "..\HR_22_BINARY_SEARCH_TREE\HR_22_BINARY_SEARCH_TREE.csproj", "{64324496-4B3E-4472-A7E0-2D0939854EE6}"
EndProject
Project("{9A19103F-16F7-4668-BE54-9A1E7A4F7556}") = "19_FILE_OPERATIONS", "..\19_FILE_OPERATIONS\19_FILE_OPERATIONS.csproj", "{0AE4D51E-7AFF-4B8D-AF6C-1C0665090518}"
EndProject
Project("{9A19103F-16F7-4668-BE54-9A1E7A4F7556}") = "20_STREAM", "..\20_STREAM\20_STREAM.csproj", "{E1761AC2-2E7B-4DA7-9316-351B3867E00D}"
EndProject
Project("{9A19103F-16F7-4668-BE54-9A1E7A4F7556}") = "09_INHERITANCE_AND_POLYMORPHISM_2", "..\09_INHERITANCE_AND_POLYMORPHISM_2\09_INHERITANCE_AND_POLYMORPHISM_2.csproj", "{B9E20B73-F20F-4046-8D1B-B7D3A8B4E2EC}"
EndProject
Project("{9A19103F-16F7-4668-BE54-9A1E7A4F7556}") = "11_INTERFACE_2", "..\11_INTERFACE_2\11_INTERFACE_2.csproj", "{80BE0DE7-3973-4E55-BC8F-9048593BEE64}"
EndProject
Project("{9A19103F-16F7-4668-BE54-9A1E7A4F7556}") = "24_PROPIEDADES", "..\24_PROPIEDADES\24_PROPIEDADES.csproj", "{C262153F-5C79-4215-A0BD-7FFFF39FA50F}"
EndProject
Project("{9A19103F-16F7-4668-BE54-9A1E7A4F7556}") = "25_POLIMORFISMO_DE_INCLUSION", "..\25_POLIMORFISMO_DE_INCLUSION\25_POLIMORFISMO_DE_INCLUSION.csproj", "{7FDD3208-756A-45C0-94D1-ED0E7141C4FD}"
EndProject
Project("{FAE04EC0-301F-11D3-BF4B-00C04F79EFBC}") = "26_METODO_ORDENAMIENTO_BURBUJA", "..\26_METODO_ORDENAMIENTO_BURBUJA\26_METODO_ORDENAMIENTO_BURBUJA.csproj", "{463BCA91-E506-471C-AC86-74B6350FA6D4}"
EndProject
Project("{FAE04EC0-301F-11D3-BF4B-00C04F79EFBC}") = "27_OBJETOS_Y_HERENCIA", "..\29_OBJETOS_Y_HERENCIA\27_OBJETOS_Y_HERENCIA.csproj", "{9BD18421-E0A4-4530-BC74-971B9C320BD3}"
EndProject
Project("{FAE04EC0-301F-11D3-BF4B-00C04F79EFBC}") = "28_ARREGLOS_Y_LISTAS", "..\28_ARREGLOS_Y_LISTAS\28_ARREGLOS_Y_LISTAS.csproj", "{493EECA4-2040-4A5D-8BC1-F957226E17CF}"
EndProject
Project("{FAE04EC0-301F-11D3-BF4B-00C04F79EFBC}") = "29_INTERFACE", "..\29_INTERFACE\29_INTERFACE.csproj", "{9A42FCD1-E1C0-46B9-B0B0-F0BFA3175C98}"
EndProject
Project("{FAE04EC0-301F-11D3-BF4B-00C04F79EFBC}") = "30_CONEXION_A_DB", "..\30_CONEXION_A_DB\30_CONEXION_A_DB.csproj", "{746A24FE-5865-4B34-94EE-35407FDAEE27}"
EndProject
Project("{FAE04EC0-301F-11D3-BF4B-00C04F79EFBC}") = "37_TRY_CATCH", "..\37_TRY_CATCH\37_TRY_CATCH.csproj", "{AA3B11F5-119E-4B5B-B46D-03533F659006}"
EndProject
Global
	GlobalSection(SolutionConfigurationPlatforms) = preSolution
		Debug|Any CPU = Debug|Any CPU
		Release|Any CPU = Release|Any CPU
	EndGlobalSection
	GlobalSection(ProjectConfigurationPlatforms) = postSolution
		{702D54F2-0CEB-4ED0-A74B-9BE2AD5D181C}.Debug|Any CPU.ActiveCfg = Debug|Any CPU
		{702D54F2-0CEB-4ED0-A74B-9BE2AD5D181C}.Debug|Any CPU.Build.0 = Debug|Any CPU
		{702D54F2-0CEB-4ED0-A74B-9BE2AD5D181C}.Release|Any CPU.ActiveCfg = Release|Any CPU
		{702D54F2-0CEB-4ED0-A74B-9BE2AD5D181C}.Release|Any CPU.Build.0 = Release|Any CPU
		{A4B95E0C-2A4F-4CF6-8FF7-05A384E32C1B}.Debug|Any CPU.ActiveCfg = Debug|Any CPU
		{A4B95E0C-2A4F-4CF6-8FF7-05A384E32C1B}.Debug|Any CPU.Build.0 = Debug|Any CPU
		{A4B95E0C-2A4F-4CF6-8FF7-05A384E32C1B}.Release|Any CPU.ActiveCfg = Release|Any CPU
		{A4B95E0C-2A4F-4CF6-8FF7-05A384E32C1B}.Release|Any CPU.Build.0 = Release|Any CPU
		{606783D4-4C36-4AB1-A27A-8EE76BAC9110}.Debug|Any CPU.ActiveCfg = Debug|Any CPU
		{606783D4-4C36-4AB1-A27A-8EE76BAC9110}.Debug|Any CPU.Build.0 = Debug|Any CPU
		{606783D4-4C36-4AB1-A27A-8EE76BAC9110}.Release|Any CPU.ActiveCfg = Release|Any CPU
		{606783D4-4C36-4AB1-A27A-8EE76BAC9110}.Release|Any CPU.Build.0 = Release|Any CPU
		{C972052E-9CCE-4847-A9B8-525FB61F09C8}.Debug|Any CPU.ActiveCfg = Debug|Any CPU
		{C972052E-9CCE-4847-A9B8-525FB61F09C8}.Debug|Any CPU.Build.0 = Debug|Any CPU
		{C972052E-9CCE-4847-A9B8-525FB61F09C8}.Release|Any CPU.ActiveCfg = Release|Any CPU
		{C972052E-9CCE-4847-A9B8-525FB61F09C8}.Release|Any CPU.Build.0 = Release|Any CPU
		{356E8CC6-9FD3-45A9-B1B8-B02979515F9B}.Debug|Any CPU.ActiveCfg = Debug|Any CPU
		{356E8CC6-9FD3-45A9-B1B8-B02979515F9B}.Debug|Any CPU.Build.0 = Debug|Any CPU
		{356E8CC6-9FD3-45A9-B1B8-B02979515F9B}.Release|Any CPU.ActiveCfg = Release|Any CPU
		{356E8CC6-9FD3-45A9-B1B8-B02979515F9B}.Release|Any CPU.Build.0 = Release|Any CPU
		{15FB5E49-B06B-4AA0-B824-71C157368341}.Debug|Any CPU.ActiveCfg = Debug|Any CPU
		{15FB5E49-B06B-4AA0-B824-71C157368341}.Debug|Any CPU.Build.0 = Debug|Any CPU
		{15FB5E49-B06B-4AA0-B824-71C157368341}.Release|Any CPU.ActiveCfg = Release|Any CPU
		{15FB5E49-B06B-4AA0-B824-71C157368341}.Release|Any CPU.Build.0 = Release|Any CPU
		{E8AC6130-297E-417C-9B42-A4590658BD1A}.Debug|Any CPU.ActiveCfg = Debug|Any CPU
		{E8AC6130-297E-417C-9B42-A4590658BD1A}.Debug|Any CPU.Build.0 = Debug|Any CPU
		{E8AC6130-297E-417C-9B42-A4590658BD1A}.Release|Any CPU.ActiveCfg = Release|Any CPU
		{E8AC6130-297E-417C-9B42-A4590658BD1A}.Release|Any CPU.Build.0 = Release|Any CPU
		{3BC09E82-A268-4E43-87C2-1CD445E38CA1}.Debug|Any CPU.ActiveCfg = Debug|Any CPU
		{3BC09E82-A268-4E43-87C2-1CD445E38CA1}.Debug|Any CPU.Build.0 = Debug|Any CPU
		{3BC09E82-A268-4E43-87C2-1CD445E38CA1}.Release|Any CPU.ActiveCfg = Release|Any CPU
		{3BC09E82-A268-4E43-87C2-1CD445E38CA1}.Release|Any CPU.Build.0 = Release|Any CPU
		{99E80307-2BAC-4227-AF9E-F4DE894FE253}.Debug|Any CPU.ActiveCfg = Debug|Any CPU
		{99E80307-2BAC-4227-AF9E-F4DE894FE253}.Debug|Any CPU.Build.0 = Debug|Any CPU
		{99E80307-2BAC-4227-AF9E-F4DE894FE253}.Release|Any CPU.ActiveCfg = Release|Any CPU
		{99E80307-2BAC-4227-AF9E-F4DE894FE253}.Release|Any CPU.Build.0 = Release|Any CPU
		{DC55373A-BAF3-40F9-8585-98000D75350B}.Debug|Any CPU.ActiveCfg = Debug|Any CPU
		{DC55373A-BAF3-40F9-8585-98000D75350B}.Debug|Any CPU.Build.0 = Debug|Any CPU
		{DC55373A-BAF3-40F9-8585-98000D75350B}.Release|Any CPU.ActiveCfg = Release|Any CPU
		{DC55373A-BAF3-40F9-8585-98000D75350B}.Release|Any CPU.Build.0 = Release|Any CPU
		{3864D446-6545-4AF1-8E7B-39F826B2CE3F}.Debug|Any CPU.ActiveCfg = Debug|Any CPU
		{3864D446-6545-4AF1-8E7B-39F826B2CE3F}.Debug|Any CPU.Build.0 = Debug|Any CPU
		{3864D446-6545-4AF1-8E7B-39F826B2CE3F}.Release|Any CPU.ActiveCfg = Release|Any CPU
		{3864D446-6545-4AF1-8E7B-39F826B2CE3F}.Release|Any CPU.Build.0 = Release|Any CPU
		{731AE023-AF07-443D-8494-F188CBEB2EBC}.Debug|Any CPU.ActiveCfg = Debug|Any CPU
		{731AE023-AF07-443D-8494-F188CBEB2EBC}.Debug|Any CPU.Build.0 = Debug|Any CPU
		{731AE023-AF07-443D-8494-F188CBEB2EBC}.Release|Any CPU.ActiveCfg = Release|Any CPU
		{731AE023-AF07-443D-8494-F188CBEB2EBC}.Release|Any CPU.Build.0 = Release|Any CPU
		{0C598618-9794-4DAF-8603-FE9032A6D0B0}.Debug|Any CPU.ActiveCfg = Debug|Any CPU
		{0C598618-9794-4DAF-8603-FE9032A6D0B0}.Debug|Any CPU.Build.0 = Debug|Any CPU
		{0C598618-9794-4DAF-8603-FE9032A6D0B0}.Release|Any CPU.ActiveCfg = Release|Any CPU
		{0C598618-9794-4DAF-8603-FE9032A6D0B0}.Release|Any CPU.Build.0 = Release|Any CPU
		{CA054EF6-89DC-4DC2-8D6E-C578AC6A2D8B}.Debug|Any CPU.ActiveCfg = Debug|Any CPU
		{CA054EF6-89DC-4DC2-8D6E-C578AC6A2D8B}.Debug|Any CPU.Build.0 = Debug|Any CPU
		{CA054EF6-89DC-4DC2-8D6E-C578AC6A2D8B}.Release|Any CPU.ActiveCfg = Release|Any CPU
		{CA054EF6-89DC-4DC2-8D6E-C578AC6A2D8B}.Release|Any CPU.Build.0 = Release|Any CPU
		{A4C53657-C725-4659-9CD2-433D4E0CE9E4}.Debug|Any CPU.ActiveCfg = Debug|Any CPU
		{A4C53657-C725-4659-9CD2-433D4E0CE9E4}.Debug|Any CPU.Build.0 = Debug|Any CPU
		{A4C53657-C725-4659-9CD2-433D4E0CE9E4}.Release|Any CPU.ActiveCfg = Release|Any CPU
		{A4C53657-C725-4659-9CD2-433D4E0CE9E4}.Release|Any CPU.Build.0 = Release|Any CPU
		{A3629DFE-8DCB-4FE1-8CCF-D3FC77493949}.Debug|Any CPU.ActiveCfg = Debug|Any CPU
		{A3629DFE-8DCB-4FE1-8CCF-D3FC77493949}.Debug|Any CPU.Build.0 = Debug|Any CPU
		{A3629DFE-8DCB-4FE1-8CCF-D3FC77493949}.Release|Any CPU.ActiveCfg = Release|Any CPU
		{A3629DFE-8DCB-4FE1-8CCF-D3FC77493949}.Release|Any CPU.Build.0 = Release|Any CPU
		{B003FC2D-61B0-4473-AB50-F206D458ACE6}.Debug|Any CPU.ActiveCfg = Debug|Any CPU
		{B003FC2D-61B0-4473-AB50-F206D458ACE6}.Debug|Any CPU.Build.0 = Debug|Any CPU
		{B003FC2D-61B0-4473-AB50-F206D458ACE6}.Release|Any CPU.ActiveCfg = Release|Any CPU
		{B003FC2D-61B0-4473-AB50-F206D458ACE6}.Release|Any CPU.Build.0 = Release|Any CPU
		{F6433B02-5DD8-48BE-96D9-A564CCB7159B}.Debug|Any CPU.ActiveCfg = Debug|Any CPU
		{F6433B02-5DD8-48BE-96D9-A564CCB7159B}.Debug|Any CPU.Build.0 = Debug|Any CPU
		{F6433B02-5DD8-48BE-96D9-A564CCB7159B}.Release|Any CPU.ActiveCfg = Release|Any CPU
		{F6433B02-5DD8-48BE-96D9-A564CCB7159B}.Release|Any CPU.Build.0 = Release|Any CPU
		{1087327C-E1CB-4721-80B9-44CD0A680BF3}.Debug|Any CPU.ActiveCfg = Debug|Any CPU
		{1087327C-E1CB-4721-80B9-44CD0A680BF3}.Debug|Any CPU.Build.0 = Debug|Any CPU
		{1087327C-E1CB-4721-80B9-44CD0A680BF3}.Release|Any CPU.ActiveCfg = Release|Any CPU
		{1087327C-E1CB-4721-80B9-44CD0A680BF3}.Release|Any CPU.Build.0 = Release|Any CPU
		{71A0320C-10EB-47ED-AE4C-3734A1BFBE53}.Debug|Any CPU.ActiveCfg = Debug|Any CPU
		{71A0320C-10EB-47ED-AE4C-3734A1BFBE53}.Debug|Any CPU.Build.0 = Debug|Any CPU
		{71A0320C-10EB-47ED-AE4C-3734A1BFBE53}.Release|Any CPU.ActiveCfg = Release|Any CPU
		{71A0320C-10EB-47ED-AE4C-3734A1BFBE53}.Release|Any CPU.Build.0 = Release|Any CPU
		{3B16E100-A521-41A4-93E1-E73DBC927E4A}.Debug|Any CPU.ActiveCfg = Debug|Any CPU
		{3B16E100-A521-41A4-93E1-E73DBC927E4A}.Debug|Any CPU.Build.0 = Debug|Any CPU
		{3B16E100-A521-41A4-93E1-E73DBC927E4A}.Release|Any CPU.ActiveCfg = Release|Any CPU
		{3B16E100-A521-41A4-93E1-E73DBC927E4A}.Release|Any CPU.Build.0 = Release|Any CPU
		{97B8D478-F1FA-41B3-A72C-B3264D13874A}.Debug|Any CPU.ActiveCfg = Debug|Any CPU
		{97B8D478-F1FA-41B3-A72C-B3264D13874A}.Debug|Any CPU.Build.0 = Debug|Any CPU
		{97B8D478-F1FA-41B3-A72C-B3264D13874A}.Release|Any CPU.ActiveCfg = Release|Any CPU
		{97B8D478-F1FA-41B3-A72C-B3264D13874A}.Release|Any CPU.Build.0 = Release|Any CPU
		{7376AEB5-BA70-41D0-BD99-9A8973CAF405}.Debug|Any CPU.ActiveCfg = Debug|Any CPU
		{7376AEB5-BA70-41D0-BD99-9A8973CAF405}.Debug|Any CPU.Build.0 = Debug|Any CPU
		{7376AEB5-BA70-41D0-BD99-9A8973CAF405}.Release|Any CPU.ActiveCfg = Release|Any CPU
		{7376AEB5-BA70-41D0-BD99-9A8973CAF405}.Release|Any CPU.Build.0 = Release|Any CPU
		{6EA36E62-2920-4630-A729-92D601038D2E}.Debug|Any CPU.ActiveCfg = Debug|Any CPU
		{6EA36E62-2920-4630-A729-92D601038D2E}.Debug|Any CPU.Build.0 = Debug|Any CPU
		{6EA36E62-2920-4630-A729-92D601038D2E}.Release|Any CPU.ActiveCfg = Release|Any CPU
		{6EA36E62-2920-4630-A729-92D601038D2E}.Release|Any CPU.Build.0 = Release|Any CPU
		{4C04451F-37D5-4EF3-BC90-E492994F98B0}.Debug|Any CPU.ActiveCfg = Debug|Any CPU
		{4C04451F-37D5-4EF3-BC90-E492994F98B0}.Debug|Any CPU.Build.0 = Debug|Any CPU
		{4C04451F-37D5-4EF3-BC90-E492994F98B0}.Release|Any CPU.ActiveCfg = Release|Any CPU
		{4C04451F-37D5-4EF3-BC90-E492994F98B0}.Release|Any CPU.Build.0 = Release|Any CPU
		{CBFB79DC-6CB3-42F8-AE6E-78E9D43CAEDE}.Debug|Any CPU.ActiveCfg = Debug|Any CPU
		{CBFB79DC-6CB3-42F8-AE6E-78E9D43CAEDE}.Debug|Any CPU.Build.0 = Debug|Any CPU
		{CBFB79DC-6CB3-42F8-AE6E-78E9D43CAEDE}.Release|Any CPU.ActiveCfg = Release|Any CPU
		{CBFB79DC-6CB3-42F8-AE6E-78E9D43CAEDE}.Release|Any CPU.Build.0 = Release|Any CPU
		{52CA4650-B48C-44A4-B05D-822AEC4D9198}.Debug|Any CPU.ActiveCfg = Debug|Any CPU
		{52CA4650-B48C-44A4-B05D-822AEC4D9198}.Debug|Any CPU.Build.0 = Debug|Any CPU
		{52CA4650-B48C-44A4-B05D-822AEC4D9198}.Release|Any CPU.ActiveCfg = Release|Any CPU
		{52CA4650-B48C-44A4-B05D-822AEC4D9198}.Release|Any CPU.Build.0 = Release|Any CPU
		{F3A475FC-CBAF-4D53-974B-0F2B92D12D56}.Debug|Any CPU.ActiveCfg = Debug|Any CPU
		{F3A475FC-CBAF-4D53-974B-0F2B92D12D56}.Debug|Any CPU.Build.0 = Debug|Any CPU
		{F3A475FC-CBAF-4D53-974B-0F2B92D12D56}.Release|Any CPU.ActiveCfg = Release|Any CPU
		{F3A475FC-CBAF-4D53-974B-0F2B92D12D56}.Release|Any CPU.Build.0 = Release|Any CPU
		{905B53FC-FE87-45E5-8319-CA5ED73C36E1}.Debug|Any CPU.ActiveCfg = Debug|Any CPU
		{905B53FC-FE87-45E5-8319-CA5ED73C36E1}.Debug|Any CPU.Build.0 = Debug|Any CPU
		{905B53FC-FE87-45E5-8319-CA5ED73C36E1}.Release|Any CPU.ActiveCfg = Release|Any CPU
		{905B53FC-FE87-45E5-8319-CA5ED73C36E1}.Release|Any CPU.Build.0 = Release|Any CPU
		{64324496-4B3E-4472-A7E0-2D0939854EE6}.Debug|Any CPU.ActiveCfg = Debug|Any CPU
		{64324496-4B3E-4472-A7E0-2D0939854EE6}.Debug|Any CPU.Build.0 = Debug|Any CPU
		{64324496-4B3E-4472-A7E0-2D0939854EE6}.Release|Any CPU.ActiveCfg = Release|Any CPU
		{64324496-4B3E-4472-A7E0-2D0939854EE6}.Release|Any CPU.Build.0 = Release|Any CPU
		{0AE4D51E-7AFF-4B8D-AF6C-1C0665090518}.Debug|Any CPU.ActiveCfg = Debug|Any CPU
		{0AE4D51E-7AFF-4B8D-AF6C-1C0665090518}.Debug|Any CPU.Build.0 = Debug|Any CPU
		{0AE4D51E-7AFF-4B8D-AF6C-1C0665090518}.Release|Any CPU.ActiveCfg = Release|Any CPU
		{0AE4D51E-7AFF-4B8D-AF6C-1C0665090518}.Release|Any CPU.Build.0 = Release|Any CPU
		{E1761AC2-2E7B-4DA7-9316-351B3867E00D}.Debug|Any CPU.ActiveCfg = Debug|Any CPU
		{E1761AC2-2E7B-4DA7-9316-351B3867E00D}.Debug|Any CPU.Build.0 = Debug|Any CPU
		{E1761AC2-2E7B-4DA7-9316-351B3867E00D}.Release|Any CPU.ActiveCfg = Release|Any CPU
		{E1761AC2-2E7B-4DA7-9316-351B3867E00D}.Release|Any CPU.Build.0 = Release|Any CPU
		{B9E20B73-F20F-4046-8D1B-B7D3A8B4E2EC}.Debug|Any CPU.ActiveCfg = Debug|Any CPU
		{B9E20B73-F20F-4046-8D1B-B7D3A8B4E2EC}.Debug|Any CPU.Build.0 = Debug|Any CPU
		{B9E20B73-F20F-4046-8D1B-B7D3A8B4E2EC}.Release|Any CPU.ActiveCfg = Release|Any CPU
		{B9E20B73-F20F-4046-8D1B-B7D3A8B4E2EC}.Release|Any CPU.Build.0 = Release|Any CPU
		{80BE0DE7-3973-4E55-BC8F-9048593BEE64}.Debug|Any CPU.ActiveCfg = Debug|Any CPU
		{80BE0DE7-3973-4E55-BC8F-9048593BEE64}.Debug|Any CPU.Build.0 = Debug|Any CPU
		{80BE0DE7-3973-4E55-BC8F-9048593BEE64}.Release|Any CPU.ActiveCfg = Release|Any CPU
		{80BE0DE7-3973-4E55-BC8F-9048593BEE64}.Release|Any CPU.Build.0 = Release|Any CPU
		{C262153F-5C79-4215-A0BD-7FFFF39FA50F}.Debug|Any CPU.ActiveCfg = Debug|Any CPU
		{C262153F-5C79-4215-A0BD-7FFFF39FA50F}.Debug|Any CPU.Build.0 = Debug|Any CPU
		{C262153F-5C79-4215-A0BD-7FFFF39FA50F}.Release|Any CPU.ActiveCfg = Release|Any CPU
		{C262153F-5C79-4215-A0BD-7FFFF39FA50F}.Release|Any CPU.Build.0 = Release|Any CPU
		{7FDD3208-756A-45C0-94D1-ED0E7141C4FD}.Debug|Any CPU.ActiveCfg = Debug|Any CPU
		{7FDD3208-756A-45C0-94D1-ED0E7141C4FD}.Debug|Any CPU.Build.0 = Debug|Any CPU
		{7FDD3208-756A-45C0-94D1-ED0E7141C4FD}.Release|Any CPU.ActiveCfg = Release|Any CPU
		{7FDD3208-756A-45C0-94D1-ED0E7141C4FD}.Release|Any CPU.Build.0 = Release|Any CPU
		{463BCA91-E506-471C-AC86-74B6350FA6D4}.Debug|Any CPU.ActiveCfg = Debug|Any CPU
		{463BCA91-E506-471C-AC86-74B6350FA6D4}.Debug|Any CPU.Build.0 = Debug|Any CPU
		{463BCA91-E506-471C-AC86-74B6350FA6D4}.Release|Any CPU.ActiveCfg = Release|Any CPU
		{463BCA91-E506-471C-AC86-74B6350FA6D4}.Release|Any CPU.Build.0 = Release|Any CPU
		{9BD18421-E0A4-4530-BC74-971B9C320BD3}.Debug|Any CPU.ActiveCfg = Debug|Any CPU
		{9BD18421-E0A4-4530-BC74-971B9C320BD3}.Debug|Any CPU.Build.0 = Debug|Any CPU
		{9BD18421-E0A4-4530-BC74-971B9C320BD3}.Release|Any CPU.ActiveCfg = Release|Any CPU
		{9BD18421-E0A4-4530-BC74-971B9C320BD3}.Release|Any CPU.Build.0 = Release|Any CPU
		{493EECA4-2040-4A5D-8BC1-F957226E17CF}.Debug|Any CPU.ActiveCfg = Debug|Any CPU
		{493EECA4-2040-4A5D-8BC1-F957226E17CF}.Debug|Any CPU.Build.0 = Debug|Any CPU
		{493EECA4-2040-4A5D-8BC1-F957226E17CF}.Release|Any CPU.ActiveCfg = Release|Any CPU
		{493EECA4-2040-4A5D-8BC1-F957226E17CF}.Release|Any CPU.Build.0 = Release|Any CPU
		{9A42FCD1-E1C0-46B9-B0B0-F0BFA3175C98}.Debug|Any CPU.ActiveCfg = Debug|Any CPU
		{9A42FCD1-E1C0-46B9-B0B0-F0BFA3175C98}.Debug|Any CPU.Build.0 = Debug|Any CPU
		{9A42FCD1-E1C0-46B9-B0B0-F0BFA3175C98}.Release|Any CPU.ActiveCfg = Release|Any CPU
		{9A42FCD1-E1C0-46B9-B0B0-F0BFA3175C98}.Release|Any CPU.Build.0 = Release|Any CPU
		{746A24FE-5865-4B34-94EE-35407FDAEE27}.Debug|Any CPU.ActiveCfg = Debug|Any CPU
		{746A24FE-5865-4B34-94EE-35407FDAEE27}.Debug|Any CPU.Build.0 = Debug|Any CPU
		{746A24FE-5865-4B34-94EE-35407FDAEE27}.Release|Any CPU.ActiveCfg = Release|Any CPU
		{746A24FE-5865-4B34-94EE-35407FDAEE27}.Release|Any CPU.Build.0 = Release|Any CPU
		{AA3B11F5-119E-4B5B-B46D-03533F659006}.Debug|Any CPU.ActiveCfg = Debug|Any CPU
		{AA3B11F5-119E-4B5B-B46D-03533F659006}.Debug|Any CPU.Build.0 = Debug|Any CPU
		{AA3B11F5-119E-4B5B-B46D-03533F659006}.Release|Any CPU.ActiveCfg = Release|Any CPU
		{AA3B11F5-119E-4B5B-B46D-03533F659006}.Release|Any CPU.Build.0 = Release|Any CPU
	EndGlobalSection
	GlobalSection(SolutionProperties) = preSolution
		HideSolutionNode = FALSE
	EndGlobalSection
	GlobalSection(ExtensibilityGlobals) = postSolution
		SolutionGuid = {EAE0879C-FF85-46C7-8BA7-1573DD526CCC}
	EndGlobalSection
EndGlobal
